
Microsoft Visual Studio Solution File, Format Version 11.00
# Visual Studio 2010
Project("{FAE04EC0-301F-11D3-BF4B-00C04F79EFBC}") = "PeanutLabs", "PeanutLabs\PeanutLabs.csproj", "{BDA98BE2-6C1D-47FE-BEA9-A65094490549}"
EndProject
Project("{FAE04EC0-301F-11D3-BF4B-00C04F79EFBC}") = "PeanutLabs.Tests", "PeanutLabs.Tests\PeanutLabs.Tests.csproj", "{AB12C751-83F2-47D3-BA75-1CDADB059605}"
EndProject
Project("{FAE04EC0-301F-11D3-BF4B-00C04F79EFBC}") = "PeanutLabs.Web.Mvc", "PeanutLabs.Web.Mvc\PeanutLabs.Web.Mvc.csproj", "{3D269942-D6DC-4A04-8B54-33E221DDC91C}"
EndProject
Project("{FAE04EC0-301F-11D3-BF4B-00C04F79EFBC}") = "PeanutLabs.Web.Webforms", "PeanutLabs.Web.Webforms\PeanutLabs.Web.Webforms.csproj", "{FE1F75E3-C653-4667-AF08-DB8EE1496878}"
EndProject
Project("{2150E333-8FDC-42A3-9474-1A3956D46DE8}") = "Samples", "Samples", "{60493B1A-BB5E-4FA1-B19F-8173E9BA255F}"
EndProject
Global
	GlobalSection(SolutionConfigurationPlatforms) = preSolution
		Debug|Any CPU = Debug|Any CPU
		Release|Any CPU = Release|Any CPU
	EndGlobalSection
	GlobalSection(ProjectConfigurationPlatforms) = postSolution
		{BDA98BE2-6C1D-47FE-BEA9-A65094490549}.Debug|Any CPU.ActiveCfg = Debug|Any CPU
		{BDA98BE2-6C1D-47FE-BEA9-A65094490549}.Debug|Any CPU.Build.0 = Debug|Any CPU
		{BDA98BE2-6C1D-47FE-BEA9-A65094490549}.Release|Any CPU.ActiveCfg = Release|Any CPU
		{BDA98BE2-6C1D-47FE-BEA9-A65094490549}.Release|Any CPU.Build.0 = Release|Any CPU
		{AB12C751-83F2-47D3-BA75-1CDADB059605}.Debug|Any CPU.ActiveCfg = Debug|Any CPU
		{AB12C751-83F2-47D3-BA75-1CDADB059605}.Debug|Any CPU.Build.0 = Debug|Any CPU
		{AB12C751-83F2-47D3-BA75-1CDADB059605}.Release|Any CPU.ActiveCfg = Release|Any CPU
		{AB12C751-83F2-47D3-BA75-1CDADB059605}.Release|Any CPU.Build.0 = Release|Any CPU
		{3D269942-D6DC-4A04-8B54-33E221DDC91C}.Debug|Any CPU.ActiveCfg = Debug|Any CPU
		{3D269942-D6DC-4A04-8B54-33E221DDC91C}.Debug|Any CPU.Build.0 = Debug|Any CPU
		{3D269942-D6DC-4A04-8B54-33E221DDC91C}.Release|Any CPU.ActiveCfg = Release|Any CPU
		{3D269942-D6DC-4A04-8B54-33E221DDC91C}.Release|Any CPU.Build.0 = Release|Any CPU
		{FE1F75E3-C653-4667-AF08-DB8EE1496878}.Debug|Any CPU.ActiveCfg = Debug|Any CPU
		{FE1F75E3-C653-4667-AF08-DB8EE1496878}.Debug|Any CPU.Build.0 = Debug|Any CPU
		{FE1F75E3-C653-4667-AF08-DB8EE1496878}.Release|Any CPU.ActiveCfg = Release|Any CPU
		{FE1F75E3-C653-4667-AF08-DB8EE1496878}.Release|Any CPU.Build.0 = Release|Any CPU
	EndGlobalSection
	GlobalSection(SolutionProperties) = preSolution
		HideSolutionNode = FALSE
	EndGlobalSection
	GlobalSection(NestedProjects) = preSolution
		{FE1F75E3-C653-4667-AF08-DB8EE1496878} = {60493B1A-BB5E-4FA1-B19F-8173E9BA255F}
		{3D269942-D6DC-4A04-8B54-33E221DDC91C} = {60493B1A-BB5E-4FA1-B19F-8173E9BA255F}
	EndGlobalSection
EndGlobal
